
Microsoft Visual Studio Solution File, Format Version 12.00
# Visual Studio Version 17
VisualStudioVersion = 17.14.36119.2
MinimumVisualStudioVersion = 10.0.40219.1
Project("{2150E333-8FDC-42A3-9474-1A3956D46DE8}") = "Services", "Services", "{02EA681E-C7D8-13C7-8484-4AC65E1B71E8}"
EndProject
Project("{2150E333-8FDC-42A3-9474-1A3956D46DE8}") = "Catalog", "Catalog", "{D3C0D5D1-C353-4251-9052-7261F21447E2}"
EndProject
Project("{FAE04EC0-301F-11D3-BF4B-00C04F79EFBC}") = "Catalog.Api", "Service\Catalog\Catalog.Api\Catalog.Api.csproj", "{05C5A1DC-E581-4C6A-A45A-7778B6D28CA3}"
EndProject
Project("{2150E333-8FDC-42A3-9474-1A3956D46DE8}") = "BuildingBlocks", "BuildingBlocks", "{544377F9-B33D-4EAB-AD7F-4362D588CDF8}"
EndProject
Project("{FAE04EC0-301F-11D3-BF4B-00C04F79EFBC}") = "BuildingBlocks", "BuildingBlocks\BuildingBlocks\BuildingBlocks.csproj", "{87103AFC-5CA3-4270-A813-46609857DDA6}"
EndProject
Project("{E53339B2-1760-4266-BCC7-CA923CBCF16C}") = "docker-compose", "docker-compose.dcproj", "{81DDED9D-158B-E303-5F62-77A2896D2A5A}"
EndProject
Project("{2150E333-8FDC-42A3-9474-1A3956D46DE8}") = "Basket", "Basket", "{61E88712-DC17-49DA-941C-8D8FB516DA44}"
EndProject
Project("{FAE04EC0-301F-11D3-BF4B-00C04F79EFBC}") = "Basket.Api", "Service\Basket\Basket.Api\Basket.Api.csproj", "{4504D4E4-428E-4C41-BBDD-2A973F09DE8A}"
EndProject
Global
	GlobalSection(SolutionConfigurationPlatforms) = preSolution
		Debug|Any CPU = Debug|Any CPU
		Release|Any CPU = Release|Any CPU
	EndGlobalSection
	GlobalSection(ProjectConfigurationPlatforms) = postSolution
		{05C5A1DC-E581-4C6A-A45A-7778B6D28CA3}.Debug|Any CPU.ActiveCfg = Debug|Any CPU
		{05C5A1DC-E581-4C6A-A45A-7778B6D28CA3}.Debug|Any CPU.Build.0 = Debug|Any CPU
		{05C5A1DC-E581-4C6A-A45A-7778B6D28CA3}.Release|Any CPU.ActiveCfg = Release|Any CPU
		{05C5A1DC-E581-4C6A-A45A-7778B6D28CA3}.Release|Any CPU.Build.0 = Release|Any CPU
		{87103AFC-5CA3-4270-A813-46609857DDA6}.Debug|Any CPU.ActiveCfg = Debug|Any CPU
		{87103AFC-5CA3-4270-A813-46609857DDA6}.Debug|Any CPU.Build.0 = Debug|Any CPU
		{87103AFC-5CA3-4270-A813-46609857DDA6}.Release|Any CPU.ActiveCfg = Release|Any CPU
		{87103AFC-5CA3-4270-A813-46609857DDA6}.Release|Any CPU.Build.0 = Release|Any CPU
		{81DDED9D-158B-E303-5F62-77A2896D2A5A}.Debug|Any CPU.ActiveCfg = Debug|Any CPU
		{81DDED9D-158B-E303-5F62-77A2896D2A5A}.Debug|Any CPU.Build.0 = Debug|Any CPU
		{81DDED9D-158B-E303-5F62-77A2896D2A5A}.Release|Any CPU.ActiveCfg = Release|Any CPU
		{81DDED9D-158B-E303-5F62-77A2896D2A5A}.Release|Any CPU.Build.0 = Release|Any CPU
		{4504D4E4-428E-4C41-BBDD-2A973F09DE8A}.Debug|Any CPU.ActiveCfg = Debug|Any CPU
		{4504D4E4-428E-4C41-BBDD-2A973F09DE8A}.Debug|Any CPU.Build.0 = Debug|Any CPU
		{4504D4E4-428E-4C41-BBDD-2A973F09DE8A}.Release|Any CPU.ActiveCfg = Release|Any CPU
		{4504D4E4-428E-4C41-BBDD-2A973F09DE8A}.Release|Any CPU.Build.0 = Release|Any CPU
	EndGlobalSection
	GlobalSection(SolutionProperties) = preSolution
		HideSolutionNode = FALSE
	EndGlobalSection
	GlobalSection(NestedProjects) = preSolution
		{D3C0D5D1-C353-4251-9052-7261F21447E2} = {02EA681E-C7D8-13C7-8484-4AC65E1B71E8}
		{05C5A1DC-E581-4C6A-A45A-7778B6D28CA3} = {D3C0D5D1-C353-4251-9052-7261F21447E2}
		{87103AFC-5CA3-4270-A813-46609857DDA6} = {544377F9-B33D-4EAB-AD7F-4362D588CDF8}
		{61E88712-DC17-49DA-941C-8D8FB516DA44} = {02EA681E-C7D8-13C7-8484-4AC65E1B71E8}
		{4504D4E4-428E-4C41-BBDD-2A973F09DE8A} = {61E88712-DC17-49DA-941C-8D8FB516DA44}
	EndGlobalSection
	GlobalSection(ExtensibilityGlobals) = postSolution
		SolutionGuid = {E1CD7B52-5056-4BE0-9DC7-2C9756BD350D}
	EndGlobalSection
EndGlobal
